{
  "name": "form-detection-frontend",
  "version": "0.1.0",
  "lockfileVersion": 3,
  "requires": true,
  "packages": {
    "": {
      "name": "form-detection-frontend",
      "version": "0.1.0",
      "workspaces": [
        "packages/*",
        "features/*",
        "apps/*"
      ],
      "devDependencies": {
        "typescript": "^5.4.0"
      }
    },
    "node_modules/@form-detection/api-client": {
      "resolved": "packages/api-client",
      "link": true
    },
    "node_modules/@form-detection/shell-ports": {
      "resolved": "packages/shell-ports",
      "link": true
    },
    "node_modules/typescript": {
      "version": "5.9.3",
      "resolved": "https://registry.npmmirror.com/typescript/-/typescript-5.9.3.tgz",
      "integrity": "sha512-jl1vZzPDinLr9eUt3J/t7V6FgNEw9QjvBPdysz9KfQDD41fQrC2Y4vKQdiaUpFT4bXlb1RHhLpp8wtm6M5TgSw==",
      "dev": true,
      "license": "Apache-2.0",
      "bin": {
        "tsc": "bin/tsc",
        "tsserver": "bin/tsserver"
      },
      "engines": {
        "node": ">=14.17"
      }
    },
    "packages/api-client": {
      "name": "@form-detection/api-client",
      "version": "0.1.0",
      "devDependencies": {
        "typescript": "^5.4.0"
      }
    },
    "packages/shell-ports": {
      "name": "@form-detection/shell-ports",
      "version": "0.1.0",
      "devDependencies": {
        "typescript": "^5.4.0"
      }
    }
  }
}
